
Microsoft Visual Studio Solution File, Format Version 12.00
# Visual Studio Version 17
VisualStudioVersion = 17.0.31903.59
MinimumVisualStudioVersion = 10.0.40219.1
Project("{FAE04EC0-301F-11D3-BF4B-00C04F79EFBC}") = "Secure-P-Backend", "Secure-P-Backend\Secure-P-Backend.csproj", "{56F5ACD9-2424-48DE-B6F0-B5423C000F21}"
EndProject
Project("{FAE04EC0-301F-11D3-BF4B-00C04F79EFBC}") = "SecureP.Service.Abstraction", "SecureP.Service.Abstraction\SecureP.Service.Abstraction.csproj", "{387B2258-F95C-4D13-B441-B033A98FD495}"
EndProject
Project("{FAE04EC0-301F-11D3-BF4B-00C04F79EFBC}") = "SecureP.Service.TokenService", "SecureP.Service.TokenService\SecureP.Service.TokenService.csproj", "{F79127CE-5868-4873-AEFA-F39C2DFD83D9}"
EndProject
Project("{FAE04EC0-301F-11D3-BF4B-00C04F79EFBC}") = "SecureP.Repository.Abstraction", "SecureP.Repository.Abstraction\SecureP.Repository.Abstraction.csproj", "{C9419E0F-8250-475F-AA8E-E44FFC52C22F}"
EndProject
Project("{FAE04EC0-301F-11D3-BF4B-00C04F79EFBC}") = "SecureP.Repository.Tokens", "SecureP.Repository.Tokens\SecureP.Repository.Tokens.csproj", "{2EF8D309-5858-4C86-910F-E7C40F7C2CBB}"
EndProject
Project("{FAE04EC0-301F-11D3-BF4B-00C04F79EFBC}") = "SecureP.Identity.Models", "SecureP.Identity.Models\SecureP.Identity.Models.csproj", "{9FDE494A-DFB7-428E-980F-00D15567F6E1}"
EndProject
Project("{FAE04EC0-301F-11D3-BF4B-00C04F79EFBC}") = "SecureP.Shared", "SecureP.Shared\SecureP.Shared.csproj", "{9D7B4003-48AD-4036-AA46-25C49FD6BC78}"
EndProject
Project("{FAE04EC0-301F-11D3-BF4B-00C04F79EFBC}") = "SecureP.Service.UserService", "SecureP.Service.UserService\SecureP.Service.UserService.csproj", "{1FE79008-5FCD-4C5A-8D00-966B35CDDB18}"
EndProject
Project("{FAE04EC0-301F-11D3-BF4B-00C04F79EFBC}") = "SecureP.Service.EmailService", "SecureP.Service.EmailService\SecureP.Service.EmailService.csproj", "{5CA0BA17-43F5-4E0E-B8E0-C1AC85B7B99E}"
EndProject
Project("{FAE04EC0-301F-11D3-BF4B-00C04F79EFBC}") = "SecureP.EmailSender", "SecureP.EmailSender\SecureP.EmailSender.csproj", "{67FEFAE6-CFC9-463E-9684-C2E26F89D4A0}"
EndProject
Project("{FAE04EC0-301F-11D3-BF4B-00C04F79EFBC}") = "SecureP.Service.UploadService", "SecureP.Service.UploadService\SecureP.Service.UploadService.csproj", "{E013551D-C2F0-4FDD-A0B3-4A4F59EA0586}"
EndProject
Project("{FAE04EC0-301F-11D3-BF4B-00C04F79EFBC}") = "SecureP.Service.ParkingLocationService", "SecureP.Service.ParkingLocationService\SecureP.Service.ParkingLocationService.csproj", "{9DB65961-75BA-4470-8FFE-AB30F1290E2B}"
EndProject
Project("{FAE04EC0-301F-11D3-BF4B-00C04F79EFBC}") = "SecureP.Repository.ParkingLocations", "SecureP.Repository.ParkingLocations\SecureP.Repository.ParkingLocations.csproj", "{4BAB8C46-1A3A-4AA5-ADF1-CE5110A41D80}"
EndProject
Project("{FAE04EC0-301F-11D3-BF4B-00C04F79EFBC}") = "SecureP.Data", "SecureP.Data\SecureP.Data.csproj", "{D33D5953-918C-4079-80A3-2876F7405DF1}"
EndProject
Global
	GlobalSection(SolutionConfigurationPlatforms) = preSolution
		Debug|Any CPU = Debug|Any CPU
		Debug|x64 = Debug|x64
		Debug|x86 = Debug|x86
		Release|Any CPU = Release|Any CPU
		Release|x64 = Release|x64
		Release|x86 = Release|x86
	EndGlobalSection
	GlobalSection(ProjectConfigurationPlatforms) = postSolution
		{56F5ACD9-2424-48DE-B6F0-B5423C000F21}.Debug|Any CPU.ActiveCfg = Debug|Any CPU
		{56F5ACD9-2424-48DE-B6F0-B5423C000F21}.Debug|Any CPU.Build.0 = Debug|Any CPU
		{56F5ACD9-2424-48DE-B6F0-B5423C000F21}.Debug|x64.ActiveCfg = Debug|Any CPU
		{56F5ACD9-2424-48DE-B6F0-B5423C000F21}.Debug|x64.Build.0 = Debug|Any CPU
		{56F5ACD9-2424-48DE-B6F0-B5423C000F21}.Debug|x86.ActiveCfg = Debug|Any CPU
		{56F5ACD9-2424-48DE-B6F0-B5423C000F21}.Debug|x86.Build.0 = Debug|Any CPU
		{56F5ACD9-2424-48DE-B6F0-B5423C000F21}.Release|Any CPU.ActiveCfg = Release|Any CPU
		{56F5ACD9-2424-48DE-B6F0-B5423C000F21}.Release|Any CPU.Build.0 = Release|Any CPU
		{56F5ACD9-2424-48DE-B6F0-B5423C000F21}.Release|x64.ActiveCfg = Release|Any CPU
		{56F5ACD9-2424-48DE-B6F0-B5423C000F21}.Release|x64.Build.0 = Release|Any CPU
		{56F5ACD9-2424-48DE-B6F0-B5423C000F21}.Release|x86.ActiveCfg = Release|Any CPU
		{56F5ACD9-2424-48DE-B6F0-B5423C000F21}.Release|x86.Build.0 = Release|Any CPU
		{387B2258-F95C-4D13-B441-B033A98FD495}.Debug|Any CPU.ActiveCfg = Debug|Any CPU
		{387B2258-F95C-4D13-B441-B033A98FD495}.Debug|Any CPU.Build.0 = Debug|Any CPU
		{387B2258-F95C-4D13-B441-B033A98FD495}.Debug|x64.ActiveCfg = Debug|Any CPU
		{387B2258-F95C-4D13-B441-B033A98FD495}.Debug|x64.Build.0 = Debug|Any CPU
		{387B2258-F95C-4D13-B441-B033A98FD495}.Debug|x86.ActiveCfg = Debug|Any CPU
		{387B2258-F95C-4D13-B441-B033A98FD495}.Debug|x86.Build.0 = Debug|Any CPU
		{387B2258-F95C-4D13-B441-B033A98FD495}.Release|Any CPU.ActiveCfg = Release|Any CPU
		{387B2258-F95C-4D13-B441-B033A98FD495}.Release|Any CPU.Build.0 = Release|Any CPU
		{387B2258-F95C-4D13-B441-B033A98FD495}.Release|x64.ActiveCfg = Release|Any CPU
		{387B2258-F95C-4D13-B441-B033A98FD495}.Release|x64.Build.0 = Release|Any CPU
		{387B2258-F95C-4D13-B441-B033A98FD495}.Release|x86.ActiveCfg = Release|Any CPU
		{387B2258-F95C-4D13-B441-B033A98FD495}.Release|x86.Build.0 = Release|Any CPU
		{F79127CE-5868-4873-AEFA-F39C2DFD83D9}.Debug|Any CPU.ActiveCfg = Debug|Any CPU
		{F79127CE-5868-4873-AEFA-F39C2DFD83D9}.Debug|Any CPU.Build.0 = Debug|Any CPU
		{F79127CE-5868-4873-AEFA-F39C2DFD83D9}.Debug|x64.ActiveCfg = Debug|Any CPU
		{F79127CE-5868-4873-AEFA-F39C2DFD83D9}.Debug|x64.Build.0 = Debug|Any CPU
		{F79127CE-5868-4873-AEFA-F39C2DFD83D9}.Debug|x86.ActiveCfg = Debug|Any CPU
		{F79127CE-5868-4873-AEFA-F39C2DFD83D9}.Debug|x86.Build.0 = Debug|Any CPU
		{F79127CE-5868-4873-AEFA-F39C2DFD83D9}.Release|Any CPU.ActiveCfg = Release|Any CPU
		{F79127CE-5868-4873-AEFA-F39C2DFD83D9}.Release|Any CPU.Build.0 = Release|Any CPU
		{F79127CE-5868-4873-AEFA-F39C2DFD83D9}.Release|x64.ActiveCfg = Release|Any CPU
		{F79127CE-5868-4873-AEFA-F39C2DFD83D9}.Release|x64.Build.0 = Release|Any CPU
		{F79127CE-5868-4873-AEFA-F39C2DFD83D9}.Release|x86.ActiveCfg = Release|Any CPU
		{F79127CE-5868-4873-AEFA-F39C2DFD83D9}.Release|x86.Build.0 = Release|Any CPU
		{C9419E0F-8250-475F-AA8E-E44FFC52C22F}.Debug|Any CPU.ActiveCfg = Debug|Any CPU
		{C9419E0F-8250-475F-AA8E-E44FFC52C22F}.Debug|Any CPU.Build.0 = Debug|Any CPU
		{C9419E0F-8250-475F-AA8E-E44FFC52C22F}.Debug|x64.ActiveCfg = Debug|Any CPU
		{C9419E0F-8250-475F-AA8E-E44FFC52C22F}.Debug|x64.Build.0 = Debug|Any CPU
		{C9419E0F-8250-475F-AA8E-E44FFC52C22F}.Debug|x86.ActiveCfg = Debug|Any CPU
		{C9419E0F-8250-475F-AA8E-E44FFC52C22F}.Debug|x86.Build.0 = Debug|Any CPU
		{C9419E0F-8250-475F-AA8E-E44FFC52C22F}.Release|Any CPU.ActiveCfg = Release|Any CPU
		{C9419E0F-8250-475F-AA8E-E44FFC52C22F}.Release|Any CPU.Build.0 = Release|Any CPU
		{C9419E0F-8250-475F-AA8E-E44FFC52C22F}.Release|x64.ActiveCfg = Release|Any CPU
		{C9419E0F-8250-475F-AA8E-E44FFC52C22F}.Release|x64.Build.0 = Release|Any CPU
		{C9419E0F-8250-475F-AA8E-E44FFC52C22F}.Release|x86.ActiveCfg = Release|Any CPU
		{C9419E0F-8250-475F-AA8E-E44FFC52C22F}.Release|x86.Build.0 = Release|Any CPU
		{2EF8D309-5858-4C86-910F-E7C40F7C2CBB}.Debug|Any CPU.ActiveCfg = Debug|Any CPU
		{2EF8D309-5858-4C86-910F-E7C40F7C2CBB}.Debug|Any CPU.Build.0 = Debug|Any CPU
		{2EF8D309-5858-4C86-910F-E7C40F7C2CBB}.Debug|x64.ActiveCfg = Debug|Any CPU
		{2EF8D309-5858-4C86-910F-E7C40F7C2CBB}.Debug|x64.Build.0 = Debug|Any CPU
		{2EF8D309-5858-4C86-910F-E7C40F7C2CBB}.Debug|x86.ActiveCfg = Debug|Any CPU
		{2EF8D309-5858-4C86-910F-E7C40F7C2CBB}.Debug|x86.Build.0 = Debug|Any CPU
		{2EF8D309-5858-4C86-910F-E7C40F7C2CBB}.Release|Any CPU.ActiveCfg = Release|Any CPU
		{2EF8D309-5858-4C86-910F-E7C40F7C2CBB}.Release|Any CPU.Build.0 = Release|Any CPU
		{2EF8D309-5858-4C86-910F-E7C40F7C2CBB}.Release|x64.ActiveCfg = Release|Any CPU
		{2EF8D309-5858-4C86-910F-E7C40F7C2CBB}.Release|x64.Build.0 = Release|Any CPU
		{2EF8D309-5858-4C86-910F-E7C40F7C2CBB}.Release|x86.ActiveCfg = Release|Any CPU
		{2EF8D309-5858-4C86-910F-E7C40F7C2CBB}.Release|x86.Build.0 = Release|Any CPU
		{9FDE494A-DFB7-428E-980F-00D15567F6E1}.Debug|Any CPU.ActiveCfg = Debug|Any CPU
		{9FDE494A-DFB7-428E-980F-00D15567F6E1}.Debug|Any CPU.Build.0 = Debug|Any CPU
		{9FDE494A-DFB7-428E-980F-00D15567F6E1}.Debug|x64.ActiveCfg = Debug|Any CPU
		{9FDE494A-DFB7-428E-980F-00D15567F6E1}.Debug|x64.Build.0 = Debug|Any CPU
		{9FDE494A-DFB7-428E-980F-00D15567F6E1}.Debug|x86.ActiveCfg = Debug|Any CPU
		{9FDE494A-DFB7-428E-980F-00D15567F6E1}.Debug|x86.Build.0 = Debug|Any CPU
		{9FDE494A-DFB7-428E-980F-00D15567F6E1}.Release|Any CPU.ActiveCfg = Release|Any CPU
		{9FDE494A-DFB7-428E-980F-00D15567F6E1}.Release|Any CPU.Build.0 = Release|Any CPU
		{9FDE494A-DFB7-428E-980F-00D15567F6E1}.Release|x64.ActiveCfg = Release|Any CPU
		{9FDE494A-DFB7-428E-980F-00D15567F6E1}.Release|x64.Build.0 = Release|Any CPU
		{9FDE494A-DFB7-428E-980F-00D15567F6E1}.Release|x86.ActiveCfg = Release|Any CPU
		{9FDE494A-DFB7-428E-980F-00D15567F6E1}.Release|x86.Build.0 = Release|Any CPU
		{9D7B4003-48AD-4036-AA46-25C49FD6BC78}.Debug|Any CPU.ActiveCfg = Debug|Any CPU
		{9D7B4003-48AD-4036-AA46-25C49FD6BC78}.Debug|Any CPU.Build.0 = Debug|Any CPU
		{9D7B4003-48AD-4036-AA46-25C49FD6BC78}.Debug|x64.ActiveCfg = Debug|Any CPU
		{9D7B4003-48AD-4036-AA46-25C49FD6BC78}.Debug|x64.Build.0 = Debug|Any CPU
		{9D7B4003-48AD-4036-AA46-25C49FD6BC78}.Debug|x86.ActiveCfg = Debug|Any CPU
		{9D7B4003-48AD-4036-AA46-25C49FD6BC78}.Debug|x86.Build.0 = Debug|Any CPU
		{9D7B4003-48AD-4036-AA46-25C49FD6BC78}.Release|Any CPU.ActiveCfg = Release|Any CPU
		{9D7B4003-48AD-4036-AA46-25C49FD6BC78}.Release|Any CPU.Build.0 = Release|Any CPU
		{9D7B4003-48AD-4036-AA46-25C49FD6BC78}.Release|x64.ActiveCfg = Release|Any CPU
		{9D7B4003-48AD-4036-AA46-25C49FD6BC78}.Release|x64.Build.0 = Release|Any CPU
		{9D7B4003-48AD-4036-AA46-25C49FD6BC78}.Release|x86.ActiveCfg = Release|Any CPU
		{9D7B4003-48AD-4036-AA46-25C49FD6BC78}.Release|x86.Build.0 = Release|Any CPU
		{1FE79008-5FCD-4C5A-8D00-966B35CDDB18}.Debug|Any CPU.ActiveCfg = Debug|Any CPU
		{1FE79008-5FCD-4C5A-8D00-966B35CDDB18}.Debug|Any CPU.Build.0 = Debug|Any CPU
		{1FE79008-5FCD-4C5A-8D00-966B35CDDB18}.Debug|x64.ActiveCfg = Debug|Any CPU
		{1FE79008-5FCD-4C5A-8D00-966B35CDDB18}.Debug|x64.Build.0 = Debug|Any CPU
		{1FE79008-5FCD-4C5A-8D00-966B35CDDB18}.Debug|x86.ActiveCfg = Debug|Any CPU
		{1FE79008-5FCD-4C5A-8D00-966B35CDDB18}.Debug|x86.Build.0 = Debug|Any CPU
		{1FE79008-5FCD-4C5A-8D00-966B35CDDB18}.Release|Any CPU.ActiveCfg = Release|Any CPU
		{1FE79008-5FCD-4C5A-8D00-966B35CDDB18}.Release|Any CPU.Build.0 = Release|Any CPU
		{1FE79008-5FCD-4C5A-8D00-966B35CDDB18}.Release|x64.ActiveCfg = Release|Any CPU
		{1FE79008-5FCD-4C5A-8D00-966B35CDDB18}.Release|x64.Build.0 = Release|Any CPU
		{1FE79008-5FCD-4C5A-8D00-966B35CDDB18}.Release|x86.ActiveCfg = Release|Any CPU
		{1FE79008-5FCD-4C5A-8D00-966B35CDDB18}.Release|x86.Build.0 = Release|Any CPU
		{5CA0BA17-43F5-4E0E-B8E0-C1AC85B7B99E}.Debug|Any CPU.ActiveCfg = Debug|Any CPU
		{5CA0BA17-43F5-4E0E-B8E0-C1AC85B7B99E}.Debug|Any CPU.Build.0 = Debug|Any CPU
		{5CA0BA17-43F5-4E0E-B8E0-C1AC85B7B99E}.Debug|x64.ActiveCfg = Debug|Any CPU
		{5CA0BA17-43F5-4E0E-B8E0-C1AC85B7B99E}.Debug|x64.Build.0 = Debug|Any CPU
		{5CA0BA17-43F5-4E0E-B8E0-C1AC85B7B99E}.Debug|x86.ActiveCfg = Debug|Any CPU
		{5CA0BA17-43F5-4E0E-B8E0-C1AC85B7B99E}.Debug|x86.Build.0 = Debug|Any CPU
		{5CA0BA17-43F5-4E0E-B8E0-C1AC85B7B99E}.Release|Any CPU.ActiveCfg = Release|Any CPU
		{5CA0BA17-43F5-4E0E-B8E0-C1AC85B7B99E}.Release|Any CPU.Build.0 = Release|Any CPU
		{5CA0BA17-43F5-4E0E-B8E0-C1AC85B7B99E}.Release|x64.ActiveCfg = Release|Any CPU
		{5CA0BA17-43F5-4E0E-B8E0-C1AC85B7B99E}.Release|x64.Build.0 = Release|Any CPU
		{5CA0BA17-43F5-4E0E-B8E0-C1AC85B7B99E}.Release|x86.ActiveCfg = Release|Any CPU
		{5CA0BA17-43F5-4E0E-B8E0-C1AC85B7B99E}.Release|x86.Build.0 = Release|Any CPU
		{67FEFAE6-CFC9-463E-9684-C2E26F89D4A0}.Debug|Any CPU.ActiveCfg = Debug|Any CPU
		{67FEFAE6-CFC9-463E-9684-C2E26F89D4A0}.Debug|Any CPU.Build.0 = Debug|Any CPU
		{67FEFAE6-CFC9-463E-9684-C2E26F89D4A0}.Debug|x64.ActiveCfg = Debug|Any CPU
		{67FEFAE6-CFC9-463E-9684-C2E26F89D4A0}.Debug|x64.Build.0 = Debug|Any CPU
		{67FEFAE6-CFC9-463E-9684-C2E26F89D4A0}.Debug|x86.ActiveCfg = Debug|Any CPU
		{67FEFAE6-CFC9-463E-9684-C2E26F89D4A0}.Debug|x86.Build.0 = Debug|Any CPU
		{67FEFAE6-CFC9-463E-9684-C2E26F89D4A0}.Release|Any CPU.ActiveCfg = Release|Any CPU
		{67FEFAE6-CFC9-463E-9684-C2E26F89D4A0}.Release|Any CPU.Build.0 = Release|Any CPU
		{67FEFAE6-CFC9-463E-9684-C2E26F89D4A0}.Release|x64.ActiveCfg = Release|Any CPU
		{67FEFAE6-CFC9-463E-9684-C2E26F89D4A0}.Release|x64.Build.0 = Release|Any CPU
		{67FEFAE6-CFC9-463E-9684-C2E26F89D4A0}.Release|x86.ActiveCfg = Release|Any CPU
		{67FEFAE6-CFC9-463E-9684-C2E26F89D4A0}.Release|x86.Build.0 = Release|Any CPU
		{E013551D-C2F0-4FDD-A0B3-4A4F59EA0586}.Debug|Any CPU.ActiveCfg = Debug|Any CPU
		{E013551D-C2F0-4FDD-A0B3-4A4F59EA0586}.Debug|Any CPU.Build.0 = Debug|Any CPU
		{E013551D-C2F0-4FDD-A0B3-4A4F59EA0586}.Debug|x64.ActiveCfg = Debug|Any CPU
		{E013551D-C2F0-4FDD-A0B3-4A4F59EA0586}.Debug|x64.Build.0 = Debug|Any CPU
		{E013551D-C2F0-4FDD-A0B3-4A4F59EA0586}.Debug|x86.ActiveCfg = Debug|Any CPU
		{E013551D-C2F0-4FDD-A0B3-4A4F59EA0586}.Debug|x86.Build.0 = Debug|Any CPU
		{E013551D-C2F0-4FDD-A0B3-4A4F59EA0586}.Release|Any CPU.ActiveCfg = Release|Any CPU
		{E013551D-C2F0-4FDD-A0B3-4A4F59EA0586}.Release|Any CPU.Build.0 = Release|Any CPU
		{E013551D-C2F0-4FDD-A0B3-4A4F59EA0586}.Release|x64.ActiveCfg = Release|Any CPU
		{E013551D-C2F0-4FDD-A0B3-4A4F59EA0586}.Release|x64.Build.0 = Release|Any CPU
		{E013551D-C2F0-4FDD-A0B3-4A4F59EA0586}.Release|x86.ActiveCfg = Release|Any CPU
		{E013551D-C2F0-4FDD-A0B3-4A4F59EA0586}.Release|x86.Build.0 = Release|Any CPU
		{9DB65961-75BA-4470-8FFE-AB30F1290E2B}.Debug|Any CPU.ActiveCfg = Debug|Any CPU
		{9DB65961-75BA-4470-8FFE-AB30F1290E2B}.Debug|Any CPU.Build.0 = Debug|Any CPU
		{9DB65961-75BA-4470-8FFE-AB30F1290E2B}.Debug|x64.ActiveCfg = Debug|Any CPU
		{9DB65961-75BA-4470-8FFE-AB30F1290E2B}.Debug|x64.Build.0 = Debug|Any CPU
		{9DB65961-75BA-4470-8FFE-AB30F1290E2B}.Debug|x86.ActiveCfg = Debug|Any CPU
		{9DB65961-75BA-4470-8FFE-AB30F1290E2B}.Debug|x86.Build.0 = Debug|Any CPU
		{9DB65961-75BA-4470-8FFE-AB30F1290E2B}.Release|Any CPU.ActiveCfg = Release|Any CPU
		{9DB65961-75BA-4470-8FFE-AB30F1290E2B}.Release|Any CPU.Build.0 = Release|Any CPU
		{9DB65961-75BA-4470-8FFE-AB30F1290E2B}.Release|x64.ActiveCfg = Release|Any CPU
		{9DB65961-75BA-4470-8FFE-AB30F1290E2B}.Release|x64.Build.0 = Release|Any CPU
		{9DB65961-75BA-4470-8FFE-AB30F1290E2B}.Release|x86.ActiveCfg = Release|Any CPU
		{9DB65961-75BA-4470-8FFE-AB30F1290E2B}.Release|x86.Build.0 = Release|Any CPU
		{4BAB8C46-1A3A-4AA5-ADF1-CE5110A41D80}.Debug|Any CPU.ActiveCfg = Debug|Any CPU
		{4BAB8C46-1A3A-4AA5-ADF1-CE5110A41D80}.Debug|Any CPU.Build.0 = Debug|Any CPU
		{4BAB8C46-1A3A-4AA5-ADF1-CE5110A41D80}.Debug|x64.ActiveCfg = Debug|Any CPU
		{4BAB8C46-1A3A-4AA5-ADF1-CE5110A41D80}.Debug|x64.Build.0 = Debug|Any CPU
		{4BAB8C46-1A3A-4AA5-ADF1-CE5110A41D80}.Debug|x86.ActiveCfg = Debug|Any CPU
		{4BAB8C46-1A3A-4AA5-ADF1-CE5110A41D80}.Debug|x86.Build.0 = Debug|Any CPU
		{4BAB8C46-1A3A-4AA5-ADF1-CE5110A41D80}.Release|Any CPU.ActiveCfg = Release|Any CPU
		{4BAB8C46-1A3A-4AA5-ADF1-CE5110A41D80}.Release|Any CPU.Build.0 = Release|Any CPU
		{4BAB8C46-1A3A-4AA5-ADF1-CE5110A41D80}.Release|x64.ActiveCfg = Release|Any CPU
		{4BAB8C46-1A3A-4AA5-ADF1-CE5110A41D80}.Release|x64.Build.0 = Release|Any CPU
		{4BAB8C46-1A3A-4AA5-ADF1-CE5110A41D80}.Release|x86.ActiveCfg = Release|Any CPU
		{4BAB8C46-1A3A-4AA5-ADF1-CE5110A41D80}.Release|x86.Build.0 = Release|Any CPU
		{D33D5953-918C-4079-80A3-2876F7405DF1}.Debug|Any CPU.ActiveCfg = Debug|Any CPU
		{D33D5953-918C-4079-80A3-2876F7405DF1}.Debug|Any CPU.Build.0 = Debug|Any CPU
		{D33D5953-918C-4079-80A3-2876F7405DF1}.Debug|x64.ActiveCfg = Debug|Any CPU
		{D33D5953-918C-4079-80A3-2876F7405DF1}.Debug|x64.Build.0 = Debug|Any CPU
		{D33D5953-918C-4079-80A3-2876F7405DF1}.Debug|x86.ActiveCfg = Debug|Any CPU
		{D33D5953-918C-4079-80A3-2876F7405DF1}.Debug|x86.Build.0 = Debug|Any CPU
		{D33D5953-918C-4079-80A3-2876F7405DF1}.Release|Any CPU.ActiveCfg = Release|Any CPU
		{D33D5953-918C-4079-80A3-2876F7405DF1}.Release|Any CPU.Build.0 = Release|Any CPU
		{D33D5953-918C-4079-80A3-2876F7405DF1}.Release|x64.ActiveCfg = Release|Any CPU
		{D33D5953-918C-4079-80A3-2876F7405DF1}.Release|x64.Build.0 = Release|Any CPU
		{D33D5953-918C-4079-80A3-2876F7405DF1}.Release|x86.ActiveCfg = Release|Any CPU
		{D33D5953-918C-4079-80A3-2876F7405DF1}.Release|x86.Build.0 = Release|Any CPU
	EndGlobalSection
	GlobalSection(SolutionProperties) = preSolution
		HideSolutionNode = FALSE
	EndGlobalSection
EndGlobal
